{
  "name": "@combustiveis/web",
  "lockfileVersion": 3,
  "requires": true,
  "packages": {
    "": {
      "name": "@combustiveis/web",
      "dependencies": {
        "@prisma/adapter-better-sqlite3": "^7.9.1",
        "@prisma/client": "^7.9.1",
        "@tanstack/react-query": "^5.62.0",
        "bcrypt": "^6.0.0",
        "class-variance-authority": "^0.7.1",
        "clsx": "^2.1.1",
        "dotenv": "^16.6.1",
        "jose": "^6.0.0",
        "lucide-react": "^0.468.0",
        "next": "^15.1.0",
        "react": "^19.0.0",
        "react-dom": "^19.0.0",
        "tailwind-merge": "^2.6.0",
        "tsc": "^2.0.4",
        "zod": "^3.24.0"
      },
      "devDependencies": {
        "@types/bcrypt": "^5.0.2",
        "@types/better-sqlite3": "^7.6.13",
        "@types/node": "^22.0.0",
        "@types/react": "^19.0.0",
        "@types/react-dom": "^19.0.0",
        "autoprefixer": "^10.4.20",
        "postcss": "^8.4.49",
        "prisma": "^7.9.1",
        "tailwindcss": "^3.4.17",
        "tsx": "^4.19.0",
        "typescript": "^5.9.3"
      }
    },
    "../../node_modules/.pnpm/@aws-sdk+client-s3@3.1116.0/node_modules/@aws-sdk/client-s3": {
      "version": "3.1116.0",
      "extraneous": true,
      "license": "Apache-2.0",
      "dependencies": {
        "@aws-sdk/checksums": "^3.1000.29",
        "@aws-sdk/core": "^3.977.9",
        "@aws-sdk/credential-provider-node": "^3.972.81",
        "@aws-sdk/middleware-sdk-s3": "^3.972.75",
        "@aws-sdk/signature-v4-multi-region": "^3.996.46",
        "@aws-sdk/types": "^3.974.5",
        "@smithy/core": "^3.33.3",
        "@smithy/fetch-http-handler": "^5.7.2",
        "@smithy/node-http-handler": "^4.11.3",
        "@smithy/types": "^4.17.2",
        "tslib": "^2.6.2"
      },
      "devDependencies": {
        "@aws-sdk/signature-v4-crt": "3.1116.0",
        "@smithy/snapshot-testing": "^2.3.2",
        "@tsconfig/node20": "20.1.8",
        "@types/node": "^20.14.8",
        "concurrently": "7.0.0",
        "downlevel-dts": "0.10.1",
        "premove": "4.0.0",
        "typescript": "~7.0.2",
        "vitest": "^4.0.17"
      },
      "engines": {
        "node": ">=20.0.0"
      }
    },
    "../../node_modules/.pnpm/@prisma+adapter-better-sqlite3@7.9.1/node_modules/@prisma/adapter-better-sqlite3": {
      "version": "7.9.1",
      "license": "Apache-2.0",
      "dependencies": {
        "@prisma/driver-adapter-utils": "7.9.1",
        "better-sqlite3": "^12.6.0"
      },
      "devDependencies": {
        "@types/better-sqlite3": "7.6.12",
        "async-mutex": "0.5.0"
      }
    },
    "../../node_modules/.pnpm/@prisma+client@7.9.1_prisma@7.9.1_@types+react-dom@19.2.4_@types+react@19.2.18__@types+_ab9c6ce0bc32a628be76d099457c9f80/node_modules/@prisma/client": {
      "version": "7.9.1",
      "license": "Apache-2.0",
      "dependencies": {
        "@prisma/client-runtime-utils": "7.9.1"
      },
      "devDependencies": {
        "@cloudflare/workers-types": "^4.20251014.0",
        "@codspeed/benchmark.js-plugin": "4.0.0",
        "@faker-js/faker": "9.6.0",
        "@fast-check/jest": "2.0.3",
        "@hono/node-server": "^1.19.14",
        "@inquirer/prompts": "7.3.3",
        "@jest/create-cache-key-function": "29.7.0",
        "@jest/globals": "29.7.0",
        "@jest/test-sequencer": "29.7.0",
        "@libsql/client": "0.8.1",
        "@neondatabase/serverless": "0.10.2",
        "@opentelemetry/api": "1.9.0",
        "@opentelemetry/context-async-hooks": "2.1.0",
        "@opentelemetry/instrumentation": "0.206.0",
        "@opentelemetry/resources": "2.1.0",
        "@opentelemetry/sdk-trace-base": "2.1.0",
        "@opentelemetry/semantic-conventions": "1.37.0",
        "@planetscale/database": "1.19.0",
        "@prisma/adapter-better-sqlite3": "7.9.1",
        "@prisma/adapter-d1": "7.9.1",
        "@prisma/adapter-libsql": "7.9.1",
        "@prisma/adapter-mariadb": "7.9.1",
        "@prisma/adapter-mssql": "7.9.1",
        "@prisma/adapter-neon": "7.9.1",
        "@prisma/adapter-pg": "7.9.1",
        "@prisma/adapter-planetscale": "7.9.1",
        "@prisma/client-common": "7.9.1",
        "@prisma/client-engine-runtime": "7.9.1",
        "@prisma/client-generator-js": "7.9.1",
        "@prisma/client-generator-ts": "7.9.1",
        "@prisma/config": "7.9.1",
        "@prisma/debug": "7.9.1",
        "@prisma/dmmf": "7.9.1",
        "@prisma/driver-adapter-utils": "7.9.1",
        "@prisma/engines": "7.9.1",
        "@prisma/engines-version": "7.9.0-1.e922089b7d7502aff4249d5da3420f6fa55fc6ad",
        "@prisma/fetch-engine": "7.9.1",
        "@prisma/generator": "7.9.1",
        "@prisma/generator-helper": "7.9.1",
        "@prisma/get-platform": "7.9.1",
        "@prisma/instrumentation": "7.9.1",
        "@prisma/instrumentation-contract": "7.9.1",
        "@prisma/internals": "7.9.1",
        "@prisma/json-protocol": "7.9.1",
        "@prisma/migrate": "7.9.1",
        "@prisma/param-graph": "7.9.1",
        "@prisma/param-graph-builder": "7.9.1",
        "@prisma/query-compiler-wasm": "7.9.0-1.e922089b7d7502aff4249d5da3420f6fa55fc6ad",
        "@prisma/query-plan-executor": "7.9.1",
        "@prisma/sqlcommenter": "7.9.1",
        "@prisma/sqlcommenter-trace-context": "7.9.1",
        "@prisma/ts-builders": "7.9.1",
        "@snaplet/copycat": "6.0.0",
        "@swc-node/register": "1.10.9",
        "@swc/core": "1.11.5",
        "@swc/jest": "0.2.37",
        "@timsuchanek/copy": "1.4.5",
        "@types/debug": "4.1.12",
        "@types/fs-extra": "11.0.4",
        "@types/jest": "29.5.14",
        "@types/js-levenshtein": "1.1.3",
        "@types/mssql": "9.1.8",
        "@types/node": "~20.19.24",
        "@types/pg": "8.11.11",
        "arg": "5.0.2",
        "benchmark": "2.1.4",
        "cookie-es": "2.0.0",
        "execa": "8.0.1",
        "expect-type": "1.2.2",
        "fs-extra": "11.3.0",
        "get-stream": "6.0.1",
        "globby": "11.1.0",
        "indent-string": "4.0.0",
        "jest": "29.7.0",
        "jest-extended": "4.0.2",
        "jest-junit": "16.0.0",
        "jest-serializer-ansi-escapes": "4.0.0",
        "jest-snapshot": "29.7.0",
        "js-levenshtein": "1.1.6",
        "kleur": "4.1.5",
        "klona": "2.0.6",
        "mariadb": "3.4.5",
        "memfs": "4.17.2",
        "mssql": "11.0.1",
        "new-github-issue-url": "0.2.1",
        "p-retry": "4.6.2",
        "pg": "8.14.1",
        "resolve": "1.22.10",
        "simple-statistics": "7.8.8",
        "sort-keys": "5.1.0",
        "source-map-support": "0.5.21",
        "stacktrace-parser": "0.1.11",
        "strip-ansi": "7.1.0",
        "strip-indent": "4.0.0",
        "tempy": "3.0.0",
        "ts-pattern": "5.6.2",
        "tsd": "0.31.2",
        "typescript": "5.4.5",
        "undici": "7.4.0",
        "zx": "8.4.1"
      },
      "engines": {
        "node": "^20.19 || ^22.12 || >=24.0"
      },
      "peerDependencies": {
        "prisma": "*",
        "typescript": ">=5.4.0"
      },
      "peerDependenciesMeta": {
        "prisma": {
          "optional": true
        },
        "typescript": {
          "optional": true
        }
      }
    },
    "../../node_modules/.pnpm/@tanstack+react-query@5.102.2_react@19.2.8/node_modules/@tanstack/react-query": {
      "version": "5.102.2",
      "license": "MIT",
      "dependencies": {
        "@tanstack/query-core": "5.102.2"
      },
      "devDependencies": {
        "@tanstack/query-persist-client-core": "5.102.2",
        "@tanstack/query-test-utils": "0.0.0",
        "@testing-library/react": "^16.1.0",
        "@testing-library/react-render-stream": "^2.0.2",
        "@types/react": "^19.2.7",
        "@types/react-dom": "^19.2.3",
        "@vitejs/plugin-react": "^4.3.4",
        "cpy-cli": "^5.0.0",
        "npm-run-all2": "^5.0.0",
        "react": "^19.2.1",
        "react-dom": "^19.2.1",
        "react-error-boundary": "^4.1.2"
      },
      "funding": {
        "type": "github",
        "url": "https://github.com/sponsors/tannerlinsley"
      },
      "peerDependencies": {
        "react": "^18 || ^19"
      }
    },
    "../../node_modules/.pnpm/@types+bcrypt@5.0.2/node_modules/@types/bcrypt": {
      "version": "5.0.2",
      "dev": true,
      "license": "MIT",
      "dependencies": {
        "@types/node": "*"
      }
    },
    "../../node_modules/.pnpm/@types+better-sqlite3@7.6.13/node_modules/@types/better-sqlite3": {
      "version": "7.6.13",
      "dev": true,
      "license": "MIT",
      "dependencies": {
        "@types/node": "*"
      }
    },
    "../../node_modules/.pnpm/@types+node@22.20.1/node_modules/@types/node": {
      "version": "22.20.1",
      "dev": true,
      "license": "MIT",
      "dependencies": {
        "undici-types": "~6.21.0"
      }
    },
    "../../node_modules/.pnpm/@types+react-dom@19.2.4_@types+react@19.2.18/node_modules/@types/react-dom": {
      "version": "19.2.4",
      "dev": true,
      "license": "MIT",
      "peerDependencies": {
        "@types/react": "^19.2.0"
      }
    },
    "../../node_modules/.pnpm/@types+react@19.2.18/node_modules/@types/react": {
      "version": "19.2.18",
      "dev": true,
      "license": "MIT",
      "dependencies": {
        "csstype": "^3.2.2"
      }
    },
    "../../node_modules/.pnpm/autoprefixer@10.5.4_postcss@8.5.26/node_modules/autoprefixer": {
      "version": "10.5.4",
      "dev": true,
      "funding": [
        {
          "type": "opencollective",
          "url": "https://opencollective.com/postcss/"
        },
        {
          "type": "tidelift",
          "url": "https://tidelift.com/funding/github/npm/autoprefixer"
        },
        {
          "type": "github",
          "url": "https://github.com/sponsors/ai"
        }
      ],
      "license": "MIT",
      "dependencies": {
        "browserslist": "^4.28.6",
        "caniuse-lite": "^1.0.30001806",
        "fraction.js": "^5.3.4",
        "picocolors": "^1.1.1",
        "postcss-value-parser": "^4.2.0"
      },
      "bin": {
        "autoprefixer": "bin/autoprefixer"
      },
      "engines": {
        "node": "^10 || ^12 || >=14"
      },
      "peerDependencies": {
        "postcss": "^8.1.0"
      }
    },
    "../../node_modules/.pnpm/bcrypt@6.0.0/node_modules/bcrypt": {
      "version": "6.0.0",
      "hasInstallScript": true,
      "license": "MIT",
      "dependencies": {
        "node-addon-api": "^8.3.0",
        "node-gyp-build": "^4.8.4"
      },
      "devDependencies": {
        "jest": "^29.7.0",
        "prebuildify": "^6.0.1"
      },
      "engines": {
        "node": ">= 18"
      }
    },
    "../../node_modules/.pnpm/class-variance-authority@0.7.1/node_modules/class-variance-authority": {
      "version": "0.7.1",
      "license": "Apache-2.0",
      "dependencies": {
        "clsx": "^2.1.1"
      },
      "devDependencies": {
        "@swc/cli": "0.3.12",
        "@swc/core": "1.4.16",
        "@types/node": "20.12.7",
        "@types/react": "18.2.79",
        "@types/react-dom": "18.2.25",
        "bundlesize": "0.18.2",
        "npm-run-all": "4.1.5",
        "react": "18.2.0",
        "react-dom": "18.2.0",
        "ts-node": "10.9.2",
        "typescript": "5.4.5"
      },
      "funding": {
        "url": "https://polar.sh/cva"
      }
    },
    "../../node_modules/.pnpm/clsx@2.1.1/node_modules/clsx": {
      "version": "2.1.1",
      "license": "MIT",
      "devDependencies": {
        "esm": "3.2.25",
        "terser": "4.8.0",
        "uvu": "0.5.4"
      },
      "engines": {
        "node": ">=6"
      }
    },
    "../../node_modules/.pnpm/dotenv@16.6.1/node_modules/dotenv": {
      "version": "16.6.1",
      "license": "BSD-2-Clause",
      "devDependencies": {
        "@types/node": "^18.11.3",
        "decache": "^4.6.2",
        "sinon": "^14.0.1",
        "standard": "^17.0.0",
        "standard-version": "^9.5.0",
        "tap": "^19.2.0",
        "typescript": "^4.8.4"
      },
      "engines": {
        "node": ">=12"
      },
      "funding": {
        "url": "https://dotenvx.com"
      }
    },
    "../../node_modules/.pnpm/jose@6.2.10/node_modules/jose": {
      "version": "6.2.10",
      "license": "MIT",
      "funding": {
        "url": "https://github.com/sponsors/panva"
      }
    },
    "../../node_modules/.pnpm/lucide-react@0.468.0_react@19.2.8/node_modules/lucide-react": {
      "version": "0.468.0",
      "license": "ISC",
      "devDependencies": {
        "@lucide/build-icons": "1.1.0",
        "@lucide/rollup-plugins": "1.0.0",
        "@lucide/shared": "1.0.0",
        "@testing-library/jest-dom": "^6.1.6",
        "@testing-library/react": "^14.1.2",
        "@types/react": "^18.2.37",
        "@vitejs/plugin-react": "^4.2.1",
        "jest-serializer-html": "^7.1.0",
        "react": "18.2.0",
        "react-dom": "18.2.0",
        "rollup": "^4.22.4",
        "rollup-plugin-dts": "^6.1.0",
        "typescript": "^4.9.5",
        "vite": "5.1.8",
        "vitest": "^1.1.1"
      },
      "peerDependencies": {
        "react": "^16.5.1 || ^17.0.0 || ^18.0.0 || ^19.0.0-rc"
      }
    },
    "../../node_modules/.pnpm/next@15.5.23_react-dom@19.2.8_react@19.2.8__react@19.2.8/node_modules/next": {
      "version": "15.5.23",
      "license": "MIT",
      "dependencies": {
        "@next/env": "15.5.23",
        "@swc/helpers": "0.5.15",
        "caniuse-lite": "^1.0.30001579",
        "postcss": "8.4.31",
        "styled-jsx": "5.1.6"
      },
      "bin": {
        "next": "dist/bin/next"
      },
      "engines": {
        "node": "^18.18.0 || ^19.8.0 || >= 20.0.0"
      },
      "optionalDependencies": {
        "@next/swc-darwin-arm64": "15.5.23",
        "@next/swc-darwin-x64": "15.5.23",
        "@next/swc-linux-arm64-gnu": "15.5.23",
        "@next/swc-linux-arm64-musl": "15.5.23",
        "@next/swc-linux-x64-gnu": "15.5.23",
        "@next/swc-linux-x64-musl": "15.5.23",
        "@next/swc-win32-arm64-msvc": "15.5.23",
        "@next/swc-win32-x64-msvc": "15.5.23",
        "sharp": "^0.34.3"
      },
      "peerDependencies": {
        "@opentelemetry/api": "^1.1.0",
        "@playwright/test": "^1.51.1",
        "babel-plugin-react-compiler": "*",
        "react": "^18.2.0 || 19.0.0-rc-de68d2f4-20241204 || ^19.0.0",
        "react-dom": "^18.2.0 || 19.0.0-rc-de68d2f4-20241204 || ^19.0.0",
        "sass": "^1.3.0"
      },
      "peerDependenciesMeta": {
        "@opentelemetry/api": {
          "optional": true
        },
        "@playwright/test": {
          "optional": true
        },
        "babel-plugin-react-compiler": {
          "optional": true
        },
        "sass": {
          "optional": true
        }
      }
    },
    "../../node_modules/.pnpm/postcss@8.5.26/node_modules/postcss": {
      "version": "8.5.26",
      "dev": true,
      "funding": [
        {
          "type": "opencollective",
          "url": "https://opencollective.com/postcss/"
        },
        {
          "type": "tidelift",
          "url": "https://tidelift.com/funding/github/npm/postcss"
        },
        {
          "type": "github",
          "url": "https://github.com/sponsors/ai"
        }
      ],
      "license": "MIT",
      "dependencies": {
        "nanoid": "^3.3.17",
        "picocolors": "^1.1.1",
        "source-map-js": "^1.2.1"
      },
      "engines": {
        "node": "^10 || ^12 || >=14"
      }
    },
    "../../node_modules/.pnpm/prisma@7.9.1_@types+react-dom@19.2.4_@types+react@19.2.18__@types+react@19.2.18_better-_7041dbb2aa512d75480f9c5947f32ead/node_modules/prisma": {
      "version": "7.9.1",
      "dev": true,
      "hasInstallScript": true,
      "license": "Apache-2.0",
      "dependencies": {
        "@prisma/config": "7.9.1",
        "@prisma/dev": "0.24.17",
        "@prisma/engines": "7.9.1",
        "@prisma/studio-core": "0.33.0",
        "mysql2": "3.15.3",
        "postgres": "3.4.7"
      },
      "bin": {
        "prisma": "build/index.js"
      },
      "devDependencies": {
        "@bomb.sh/tab": "0.0.19",
        "@inquirer/prompts": "7.3.3",
        "@libsql/client": "0.8.1",
        "@modelcontextprotocol/sdk": "1.13.2",
        "@opentelemetry/api": "1.9.0",
        "@opentelemetry/context-async-hooks": "2.1.0",
        "@opentelemetry/sdk-trace-base": "2.1.0",
        "@prisma/adapter-libsql": "7.9.1",
        "@prisma/client": "7.9.1",
        "@prisma/client-generator-registry": "7.9.1",
        "@prisma/credentials-store": "7.9.1",
        "@prisma/debug": "7.9.1",
        "@prisma/dmmf": "7.9.1",
        "@prisma/driver-adapter-utils": "7.9.1",
        "@prisma/fetch-engine": "7.9.1",
        "@prisma/generator": "7.9.1",
        "@prisma/get-platform": "7.9.1",
        "@prisma/internals": "7.9.1",
        "@prisma/management-api-sdk": "1.12.0",
        "@prisma/migrate": "7.9.1",
        "@swc/core": "1.11.5",
        "@swc/jest": "0.2.37",
        "@types/better-sqlite3": "7.6.12",
        "@types/fs-extra": "11.0.4",
        "@types/jest": "29.5.14",
        "@types/node": "~20.19.24",
        "@types/react": "19.2.14",
        "@types/react-dom": "19.2.3",
        "async-listen": "3.1.0",
        "better-sqlite3": "^11.10.0",
        "checkpoint-client": "1.1.33",
        "chokidar": "4.0.3",
        "dotenv": "17.2.3",
        "effect": "3.20.0",
        "env-paths": "2.2.1",
        "execa": "5.1.1",
        "fs-extra": "11.3.0",
        "get-port-please": "3.2.0",
        "get-tsconfig": "4.10.0",
        "jest": "29.7.0",
        "jest-junit": "16.0.0",
        "kleur": "4.1.5",
        "line-replace": "2.0.1",
        "log-update": "6.1.0",
        "node-fetch": "3.3.2",
        "npm-packlist": "5.1.3",
        "ohash": "2.0.11",
        "open": "8.4.2",
        "openapi-fetch": "0.15.0",
        "openapi-typescript": "7.10.1",
        "ora": "8.2.0",
        "package-up": "5.0.0",
        "pathe": "2.0.3",
        "react": "19.2.0",
        "react-dom": "19.2.0",
        "resolve-pkg": "2.0.0",
        "std-env": "3.10.0",
        "strip-ansi": "7.1.0",
        "ts-pattern": "5.6.2",
        "typescript": "5.4.5",
        "xdg-app-paths": "8.3.0",
        "zod": "3.24.2"
      },
      "engines": {
        "node": "^20.19 || ^22.12 || >=24.0"
      },
      "peerDependencies": {
        "better-sqlite3": ">=9.0.0",
        "typescript": ">=5.4.0"
      },
      "peerDependenciesMeta": {
        "better-sqlite3": {
          "optional": true
        },
        "typescript": {
          "optional": true
        }
      }
    },
    "../../node_modules/.pnpm/react-dom@19.2.8_react@19.2.8/node_modules/react-dom": {
      "version": "19.2.8",
      "license": "MIT",
      "dependencies": {
        "scheduler": "^0.27.0"
      },
      "peerDependencies": {
        "react": "^19.2.8"
      }
    },
    "../../node_modules/.pnpm/react@19.2.8/node_modules/react": {
      "version": "19.2.8",
      "license": "MIT",
      "engines": {
        "node": ">=0.10.0"
      }
    },
    "../../node_modules/.pnpm/tailwind-merge@2.6.1/node_modules/tailwind-merge": {
      "version": "2.6.1",
      "license": "MIT",
      "devDependencies": {
        "@babel/core": "^7.26.0",
        "@babel/preset-env": "^7.26.0",
        "@codspeed/vitest-plugin": "^4.0.0",
        "@rollup/plugin-babel": "^6.0.4",
        "@rollup/plugin-node-resolve": "^16.0.0",
        "@rollup/plugin-typescript": "^12.1.2",
        "@vitest/coverage-v8": "^2.1.8",
        "@vitest/eslint-plugin": "^1.1.22",
        "babel-plugin-annotate-pure-calls": "^0.4.0",
        "babel-plugin-polyfill-regenerator": "^0.6.3",
        "eslint": "^9.17.0",
        "eslint-plugin-import": "^2.31.0",
        "globby": "^11.1.0",
        "prettier": "^3.4.2",
        "rollup": "^4.29.1",
        "rollup-plugin-delete": "^2.1.0",
        "rollup-plugin-dts": "^6.1.1",
        "tslib": "^2.8.1",
        "typescript": "^5.7.2",
        "typescript-eslint": "^8.19.0",
        "vitest": "^2.1.8",
        "zx": "^8.3.0"
      },
      "funding": {
        "type": "github",
        "url": "https://github.com/sponsors/dcastil"
      }
    },
    "../../node_modules/.pnpm/tailwindcss@3.4.19_tsx@4.23.12/node_modules/tailwindcss": {
      "version": "3.4.19",
      "dev": true,
      "license": "MIT",
      "dependencies": {
        "@alloc/quick-lru": "^5.2.0",
        "arg": "^5.0.2",
        "chokidar": "^3.6.0",
        "didyoumean": "^1.2.2",
        "dlv": "^1.1.3",
        "fast-glob": "^3.3.2",
        "glob-parent": "^6.0.2",
        "is-glob": "^4.0.3",
        "jiti": "^1.21.7",
        "lilconfig": "^3.1.3",
        "micromatch": "^4.0.8",
        "normalize-path": "^3.0.0",
        "object-hash": "^3.0.0",
        "picocolors": "^1.1.1",
        "postcss": "^8.4.47",
        "postcss-import": "^15.1.0",
        "postcss-js": "^4.0.1",
        "postcss-load-config": "^4.0.2 || ^5.0 || ^6.0",
        "postcss-nested": "^6.2.0",
        "postcss-selector-parser": "^6.1.2",
        "resolve": "^1.22.8",
        "sucrase": "^3.35.0"
      },
      "bin": {
        "tailwind": "lib/cli.js",
        "tailwindcss": "lib/cli.js"
      },
      "devDependencies": {
        "@swc/cli": "0.1.62",
        "@swc/core": "1.3.55",
        "@swc/jest": "0.2.26",
        "@swc/register": "0.1.10",
        "autoprefixer": "^10.4.20",
        "browserslist": "^4.24.0",
        "concurrently": "^8.2.2",
        "cssnano": "^6.1.2",
        "esbuild": "^0.24.0",
        "eslint": "^8.57.1",
        "eslint-config-prettier": "^8.10.0",
        "eslint-plugin-prettier": "^4.2.1",
        "jest": "^29.7.0",
        "jest-diff": "^29.7.0",
        "lightningcss": "1.27.0",
        "prettier": "^2.8.8",
        "rimraf": "^5.0.10",
        "source-map-js": "^1.2.1",
        "turbo": "^1.13.4"
      },
      "engines": {
        "node": ">=14.0.0"
      }
    },
    "../../node_modules/.pnpm/tsc@2.0.4/node_modules/tsc": {
      "version": "2.0.4",
      "license": "MIT",
      "bin": {
        "tsc": "bin/tsc"
      }
    },
    "../../node_modules/.pnpm/tsx@4.23.12/node_modules/tsx": {
      "version": "4.23.12",
      "dev": true,
      "license": "MIT",
      "dependencies": {
        "esbuild": "~0.28.0"
      },
      "bin": {
        "tsx": "dist/cli.mjs"
      },
      "engines": {
        "node": ">=18.0.0"
      },
      "optionalDependencies": {
        "fsevents": "~2.3.3"
      }
    },
    "../../node_modules/.pnpm/typescript@5.9.3/node_modules/typescript": {
      "version": "5.9.3",
      "dev": true,
      "license": "Apache-2.0",
      "bin": {
        "tsc": "bin/tsc",
        "tsserver": "bin/tsserver"
      },
      "devDependencies": {
        "@dprint/formatter": "^0.4.1",
        "@dprint/typescript": "0.93.4",
        "@esfx/canceltoken": "^1.0.0",
        "@eslint/js": "^9.20.0",
        "@octokit/rest": "^21.1.1",
        "@types/chai": "^4.3.20",
        "@types/diff": "^7.0.1",
        "@types/minimist": "^1.2.5",
        "@types/mocha": "^10.0.10",
        "@types/ms": "^0.7.34",
        "@types/node": "latest",
        "@types/source-map-support": "^0.5.10",
        "@types/which": "^3.0.4",
        "@typescript-eslint/rule-tester": "^8.24.1",
        "@typescript-eslint/type-utils": "^8.24.1",
        "@typescript-eslint/utils": "^8.24.1",
        "azure-devops-node-api": "^14.1.0",
        "c8": "^10.1.3",
        "chai": "^4.5.0",
        "chokidar": "^4.0.3",
        "diff": "^7.0.0",
        "dprint": "^0.49.0",
        "esbuild": "^0.25.0",
        "eslint": "^9.20.1",
        "eslint-formatter-autolinkable-stylish": "^1.4.0",
        "eslint-plugin-regexp": "^2.7.0",
        "fast-xml-parser": "^4.5.2",
        "glob": "^10.4.5",
        "globals": "^15.15.0",
        "hereby": "^1.10.0",
        "jsonc-parser": "^3.3.1",
        "knip": "^5.44.4",
        "minimist": "^1.2.8",
        "mocha": "^10.8.2",
        "mocha-fivemat-progress-reporter": "^0.1.0",
        "monocart-coverage-reports": "^2.12.1",
        "ms": "^2.1.3",
        "picocolors": "^1.1.1",
        "playwright": "^1.50.1",
        "source-map-support": "^0.5.21",
        "tslib": "^2.8.1",
        "typescript": "^5.7.3",
        "typescript-eslint": "^8.24.1",
        "which": "^3.0.1"
      },
      "engines": {
        "node": ">=14.17"
      }
    },
    "../../node_modules/.pnpm/zod@3.25.76/node_modules/zod": {
      "version": "3.25.76",
      "license": "MIT",
      "funding": {
        "url": "https://github.com/sponsors/colinhacks"
      }
    },
    "node_modules/@prisma/adapter-better-sqlite3": {
      "resolved": "../../node_modules/.pnpm/@prisma+adapter-better-sqlite3@7.9.1/node_modules/@prisma/adapter-better-sqlite3",
      "link": true
    },
    "node_modules/@prisma/client": {
      "resolved": "../../node_modules/.pnpm/@prisma+client@7.9.1_prisma@7.9.1_@types+react-dom@19.2.4_@types+react@19.2.18__@types+_ab9c6ce0bc32a628be76d099457c9f80/node_modules/@prisma/client",
      "link": true
    },
    "node_modules/@tanstack/react-query": {
      "resolved": "../../node_modules/.pnpm/@tanstack+react-query@5.102.2_react@19.2.8/node_modules/@tanstack/react-query",
      "link": true
    },
    "node_modules/@types/bcrypt": {
      "resolved": "../../node_modules/.pnpm/@types+bcrypt@5.0.2/node_modules/@types/bcrypt",
      "link": true
    },
    "node_modules/@types/better-sqlite3": {
      "resolved": "../../node_modules/.pnpm/@types+better-sqlite3@7.6.13/node_modules/@types/better-sqlite3",
      "link": true
    },
    "node_modules/@types/node": {
      "resolved": "../../node_modules/.pnpm/@types+node@22.20.1/node_modules/@types/node",
      "link": true
    },
    "node_modules/@types/react": {
      "resolved": "../../node_modules/.pnpm/@types+react@19.2.18/node_modules/@types/react",
      "link": true
    },
    "node_modules/@types/react-dom": {
      "resolved": "../../node_modules/.pnpm/@types+react-dom@19.2.4_@types+react@19.2.18/node_modules/@types/react-dom",
      "link": true
    },
    "node_modules/autoprefixer": {
      "resolved": "../../node_modules/.pnpm/autoprefixer@10.5.4_postcss@8.5.26/node_modules/autoprefixer",
      "link": true
    },
    "node_modules/bcrypt": {
      "resolved": "../../node_modules/.pnpm/bcrypt@6.0.0/node_modules/bcrypt",
      "link": true
    },
    "node_modules/class-variance-authority": {
      "resolved": "../../node_modules/.pnpm/class-variance-authority@0.7.1/node_modules/class-variance-authority",
      "link": true
    },
    "node_modules/clsx": {
      "resolved": "../../node_modules/.pnpm/clsx@2.1.1/node_modules/clsx",
      "link": true
    },
    "node_modules/dotenv": {
      "resolved": "../../node_modules/.pnpm/dotenv@16.6.1/node_modules/dotenv",
      "link": true
    },
    "node_modules/jose": {
      "resolved": "../../node_modules/.pnpm/jose@6.2.10/node_modules/jose",
      "link": true
    },
    "node_modules/lucide-react": {
      "resolved": "../../node_modules/.pnpm/lucide-react@0.468.0_react@19.2.8/node_modules/lucide-react",
      "link": true
    },
    "node_modules/next": {
      "resolved": "../../node_modules/.pnpm/next@15.5.23_react-dom@19.2.8_react@19.2.8__react@19.2.8/node_modules/next",
      "link": true
    },
    "node_modules/postcss": {
      "resolved": "../../node_modules/.pnpm/postcss@8.5.26/node_modules/postcss",
      "link": true
    },
    "node_modules/prisma": {
      "resolved": "../../node_modules/.pnpm/prisma@7.9.1_@types+react-dom@19.2.4_@types+react@19.2.18__@types+react@19.2.18_better-_7041dbb2aa512d75480f9c5947f32ead/node_modules/prisma",
      "link": true
    },
    "node_modules/react": {
      "resolved": "../../node_modules/.pnpm/react@19.2.8/node_modules/react",
      "link": true
    },
    "node_modules/react-dom": {
      "resolved": "../../node_modules/.pnpm/react-dom@19.2.8_react@19.2.8/node_modules/react-dom",
      "link": true
    },
    "node_modules/tailwind-merge": {
      "resolved": "../../node_modules/.pnpm/tailwind-merge@2.6.1/node_modules/tailwind-merge",
      "link": true
    },
    "node_modules/tailwindcss": {
      "resolved": "../../node_modules/.pnpm/tailwindcss@3.4.19_tsx@4.23.12/node_modules/tailwindcss",
      "link": true
    },
    "node_modules/tsc": {
      "resolved": "../../node_modules/.pnpm/tsc@2.0.4/node_modules/tsc",
      "link": true
    },
    "node_modules/tsx": {
      "resolved": "../../node_modules/.pnpm/tsx@4.23.12/node_modules/tsx",
      "link": true
    },
    "node_modules/typescript": {
      "resolved": "../../node_modules/.pnpm/typescript@5.9.3/node_modules/typescript",
      "link": true
    },
    "node_modules/zod": {
      "resolved": "../../node_modules/.pnpm/zod@3.25.76/node_modules/zod",
      "link": true
    },
    "node_modules/@next/swc-darwin-arm64": {
      "version": "15.5.23",
      "resolved": "https://registry.npmjs.org/@next/swc-darwin-arm64/-/swc-darwin-arm64-15.5.23.tgz",
      "integrity": "sha512-SrEwOROH/rhA03F59hHtdhgtfZMWGzr5duDBWgRQt2rS3mJhqMKOcnNx6txOd0/i3E3D3uFKYFvyHsEiwQxzag==",
      "cpu": [
        "arm64"
      ],
      "optional": true,
      "os": [
        "darwin"
      ],
      "engines": {
        "node": ">= 10"
      }
    },
    "node_modules/@next/swc-darwin-x64": {
      "version": "15.5.23",
      "resolved": "https://registry.npmjs.org/@next/swc-darwin-x64/-/swc-darwin-x64-15.5.23.tgz",
      "integrity": "sha512-f0FpFbG2EhDCuptBGcfrLcYMDuQAhe6m1QA4VVfXFrIBoFXvXt/olGbBkYkloKlXQtmhuzvtdYyuu/6zf07GIg==",
      "cpu": [
        "x64"
      ],
      "optional": true,
      "os": [
        "darwin"
      ],
      "engines": {
        "node": ">= 10"
      }
    },
    "node_modules/@next/swc-linux-arm64-gnu": {
      "version": "15.5.23",
      "resolved": "https://registry.npmjs.org/@next/swc-linux-arm64-gnu/-/swc-linux-arm64-gnu-15.5.23.tgz",
      "integrity": "sha512-WlNtfepUXKX2u2ZsJZ8c3c8+tJSRZqsYzoMwLOY72A8ucKCCgxgNhiePA3qzFYahVWrwcQd8jOeJmBinc+VFVQ==",
      "cpu": [
        "arm64"
      ],
      "optional": true,
      "os": [
        "linux"
      ],
      "engines": {
        "node": ">= 10"
      }
    },
    "node_modules/@next/swc-linux-arm64-musl": {
      "version": "15.5.23",
      "resolved": "https://registry.npmjs.org/@next/swc-linux-arm64-musl/-/swc-linux-arm64-musl-15.5.23.tgz",
      "integrity": "sha512-W/6qKk7UG93mg14PmQC+2urt69MIdwTBLNQ6MJyeC4wOCIHCjz+VfgssvS1pK7mgYBtLC1g6VKNoHD9xB0WWGg==",
      "cpu": [
        "arm64"
      ],
      "optional": true,
      "os": [
        "linux"
      ],
      "engines": {
        "node": ">= 10"
      }
    },
    "node_modules/@next/swc-linux-x64-gnu": {
      "version": "15.5.23",
      "resolved": "https://registry.npmjs.org/@next/swc-linux-x64-gnu/-/swc-linux-x64-gnu-15.5.23.tgz",
      "integrity": "sha512-vzefI32mi6VMk96RaTAyxApgfGbiFzQBXVsekEjsDv1fr48mlABTWx0sUYhaYCBHWqCalxmz3DxbxFcbFvzNtw==",
      "cpu": [
        "x64"
      ],
      "optional": true,
      "os": [
        "linux"
      ],
      "engines": {
        "node": ">= 10"
      }
    },
    "node_modules/@next/swc-linux-x64-musl": {
      "version": "15.5.23",
      "resolved": "https://registry.npmjs.org/@next/swc-linux-x64-musl/-/swc-linux-x64-musl-15.5.23.tgz",
      "integrity": "sha512-qppK/3dTGOTI+aoWWBZc3DshFIhrzgL8guATlaN9V6M1QJxbkP/rhEZ22tdICsQ/2WWXopMZ2Jokzj2u3uKY3Q==",
      "cpu": [
        "x64"
      ],
      "optional": true,
      "os": [
        "linux"
      ],
      "engines": {
        "node": ">= 10"
      }
    },
    "node_modules/@next/swc-win32-arm64-msvc": {
      "version": "15.5.23",
      "resolved": "https://registry.npmjs.org/@next/swc-win32-arm64-msvc/-/swc-win32-arm64-msvc-15.5.23.tgz",
      "integrity": "sha512-Wc29KFOdT7XBcII3Vtmw7aoU8Uk3Mes/FNJfhFeSHdYBFJWMcR/DsI8U9BCPUhq/uycsUVuqSKGthW15tLsigA==",
      "cpu": [
        "arm64"
      ],
      "optional": true,
      "os": [
        "win32"
      ],
      "engines": {
        "node": ">= 10"
      }
    },
    "node_modules/@next/swc-win32-x64-msvc": {
      "version": "15.5.23",
      "resolved": "https://registry.npmjs.org/@next/swc-win32-x64-msvc/-/swc-win32-x64-msvc-15.5.23.tgz",
      "integrity": "sha512-/C7wRW4fa9s/PKA18zGPPpVmx8ycgVpP8yOxro4gzGTzjPJdscbAP3ODeFvgiIovxD176Z2J/SXO9t8PJKHLeQ==",
      "cpu": [
        "x64"
      ],
      "optional": true,
      "os": [
        "win32"
      ],
      "engines": {
        "node": ">= 10"
      }
    }
  }
}
